
Microsoft Visual Studio Solution File, Format Version 12.00
# Visual Studio Version 17
VisualStudioVersion = 17.14.36310.24 d17.14
MinimumVisualStudioVersion = 10.0.40219.1
Project("{FAE04EC0-301F-11D3-BF4B-00C04F79EFBC}") = "Ldap.Test", "Ldap.Test\Ldap.Test.csproj", "{5BB15D61-B1AE-4F03-B4D8-65E5A0EC828D}"
EndProject
Global
	GlobalSection(SolutionConfigurationPlatforms) = preSolution
		Debug|Any CPU = Debug|Any CPU
		Release|Any CPU = Release|Any CPU
	EndGlobalSection
	GlobalSection(ProjectConfigurationPlatforms) = postSolution
		{5BB15D61-B1AE-4F03-B4D8-65E5A0EC828D}.Debug|Any CPU.ActiveCfg = Debug|Any CPU
		{5BB15D61-B1AE-4F03-B4D8-65E5A0EC828D}.Debug|Any CPU.Build.0 = Debug|Any CPU
		{5BB15D61-B1AE-4F03-B4D8-65E5A0EC828D}.Release|Any CPU.ActiveCfg = Release|Any CPU
		{5BB15D61-B1AE-4F03-B4D8-65E5A0EC828D}.Release|Any CPU.Build.0 = Release|Any CPU
	EndGlobalSection
	GlobalSection(SolutionProperties) = preSolution
		HideSolutionNode = FALSE
	EndGlobalSection
	GlobalSection(ExtensibilityGlobals) = postSolution
		SolutionGuid = {49AC6A6D-BB90-4BFC-BF5A-A6B47074CEF6}
	EndGlobalSection
EndGlobal
